// !$*UTF8*$!
{
	archiveVersion = 1;
	classes = {
	};
	objectVersion = 46;
	objects = {

/* Begin PBXBuildFile section */
		9D77CD541CACBDA300EDBB6A /* AppDelegate.swift in Sources */ = {isa = PBXBuildFile; fileRef = 9D77CD531CACBDA300EDBB6A /* AppDelegate.swift */; };
		9D77CD561CACBDA300EDBB6A /* ViewController.swift in Sources */ = {isa = PBXBuildFile; fileRef = 9D77CD551CACBDA300EDBB6A /* ViewController.swift */; };
		9D77CD591CACBDA300EDBB6A /* Main.storyboard in Resources */ = {isa = PBXBuildFile; fileRef = 9D77CD571CACBDA300EDBB6A /* Main.storyboard */; };
		9D77CD5C1CACBDA300EDBB6A /* ALL.xcdatamodeld in Sources */ = {isa = PBXBuildFile; fileRef = 9D77CD5A1CACBDA300EDBB6A /* ALL.xcdatamodeld */; };
		9D77CD5E1CACBDA300EDBB6A /* Assets.xcassets in Resources */ = {isa = PBXBuildFile; fileRef = 9D77CD5D1CACBDA300EDBB6A /* Assets.xcassets */; };
		9D77CD611CACBDA300EDBB6A /* LaunchScreen.storyboard in Resources */ = {isa = PBXBuildFile; fileRef = 9D77CD5F1CACBDA300EDBB6A /* LaunchScreen.storyboard */; };
		9D77CD6C1CACBDA300EDBB6A /* ALLTests.swift in Sources */ = {isa = PBXBuildFile; fileRef = 9D77CD6B1CACBDA300EDBB6A /* ALLTests.swift */; };
		9D77CD771CACBDA300EDBB6A /* ALLUITests.swift in Sources */ = {isa = PBXBuildFile; fileRef = 9D77CD761CACBDA300EDBB6A /* ALLUITests.swift */; };
		9D77CDC51CAD05C500EDBB6A /* libz.1.2.5.tbd in Frameworks */ = {isa = PBXBuildFile; fileRef = 9D77CDC41CAD05C500EDBB6A /* libz.1.2.5.tbd */; };
		9D77CDC71CAD05D400EDBB6A /* AssetsLibrary.framework in Frameworks */ = {isa = PBXBuildFile; fileRef = 9D77CDC61CAD05D400EDBB6A /* AssetsLibrary.framework */; };
		9D77CDC91CAD05DC00EDBB6A /* AudioToolbox.framework in Frameworks */ = {isa = PBXBuildFile; fileRef = 9D77CDC81CAD05DC00EDBB6A /* AudioToolbox.framework */; };
		9D77CDCB1CAD05E200EDBB6A /* AVFoundation.framework in Frameworks */ = {isa = PBXBuildFile; fileRef = 9D77CDCA1CAD05E200EDBB6A /* AVFoundation.framework */; };
		9D77CDCD1CAD05E700EDBB6A /* CFNetwork.framework in Frameworks */ = {isa = PBXBuildFile; fileRef = 9D77CDCC1CAD05E700EDBB6A /* CFNetwork.framework */; };
		9D77CDCF1CAD05EF00EDBB6A /* CoreAudio.framework in Frameworks */ = {isa = PBXBuildFile; fileRef = 9D77CDCE1CAD05EE00EDBB6A /* CoreAudio.framework */; };
		9D77CDD11CAD05F500EDBB6A /* CoreGraphics.framework in Frameworks */ = {isa = PBXBuildFile; fileRef = 9D77CDD01CAD05F500EDBB6A /* CoreGraphics.framework */; };
		9D77CDD31CAD05FD00EDBB6A /* CoreLocation.framework in Frameworks */ = {isa = PBXBuildFile; fileRef = 9D77CDD21CAD05FD00EDBB6A /* CoreLocation.framework */; };
		9D77CDD51CAD060500EDBB6A /* CoreMedia.framework in Frameworks */ = {isa = PBXBuildFile; fileRef = 9D77CDD41CAD060500EDBB6A /* CoreMedia.framework */; };
		9D77CDD71CAD061300EDBB6A /* CoreTelephony.framework in Frameworks */ = {isa = PBXBuildFile; fileRef = 9D77CDD61CAD061300EDBB6A /* CoreTelephony.framework */; };
		9D77CDD91CAD061C00EDBB6A /* CoreVideo.framework in Frameworks */ = {isa = PBXBuildFile; fileRef = 9D77CDD81CAD061C00EDBB6A /* CoreVideo.framework */; };
		9D77CDDB1CAD062200EDBB6A /* ImageIO.framework in Frameworks */ = {isa = PBXBuildFile; fileRef = 9D77CDDA1CAD062200EDBB6A /* ImageIO.framework */; };
		9D77CDDE1CAD062F00EDBB6A /* libc++.1.tbd in Frameworks */ = {isa = PBXBuildFile; fileRef = 9D77CDDC1CAD062F00EDBB6A /* libc++.1.tbd */; };
		9D77CDDF1CAD062F00EDBB6A /* libc++abi.tbd in Frameworks */ = {isa = PBXBuildFile; fileRef = 9D77CDDD1CAD062F00EDBB6A /* libc++abi.tbd */; };
		9D77CDE11CAD063900EDBB6A /* libsqlite3.0.tbd in Frameworks */ = {isa = PBXBuildFile; fileRef = 9D77CDE01CAD063900EDBB6A /* libsqlite3.0.tbd */; };
		9D77CDE31CAD064200EDBB6A /* libstdc++.6.0.9.tbd in Frameworks */ = {isa = PBXBuildFile; fileRef = 9D77CDE21CAD064200EDBB6A /* libstdc++.6.0.9.tbd */; };
		9D77CDE51CAD064A00EDBB6A /* libxml2.2.tbd in Frameworks */ = {isa = PBXBuildFile; fileRef = 9D77CDE41CAD064A00EDBB6A /* libxml2.2.tbd */; };
		9D77CDE71CAD065700EDBB6A /* MapKit.framework in Frameworks */ = {isa = PBXBuildFile; fileRef = 9D77CDE61CAD065700EDBB6A /* MapKit.framework */; };
		9D77CDE91CAD065F00EDBB6A /* OpenAL.framework in Frameworks */ = {isa = PBXBuildFile; fileRef = 9D77CDE81CAD065F00EDBB6A /* OpenAL.framework */; };
		9D77CDEB1CAD066500EDBB6A /* QuartzCore.framework in Frameworks */ = {isa = PBXBuildFile; fileRef = 9D77CDEA1CAD066500EDBB6A /* QuartzCore.framework */; };
		9D77CDED1CAD066F00EDBB6A /* SystemConfiguration.framework in Frameworks */ = {isa = PBXBuildFile; fileRef = 9D77CDEC1CAD066F00EDBB6A /* SystemConfiguration.framework */; };
		9D77CDEF1CAD067600EDBB6A /* UIKit.framework in Frameworks */ = {isa = PBXBuildFile; fileRef = 9D77CDEE1CAD067600EDBB6A /* UIKit.framework */; };
		9D77CDF11CAD097600EDBB6A /* File.swift in Sources */ = {isa = PBXBuildFile; fileRef = 9D77CDF01CAD097600EDBB6A /* File.swift */; };
		E76D6617CC2084A2AAD34F7D /* libPods.a in Frameworks */ = {isa = PBXBuildFile; fileRef = EC9060A32290ADC9BF79381D /* libPods.a */; };
/* End PBXBuildFile section */

/* Begin PBXContainerItemProxy section */
		9D77CD681CACBDA300EDBB6A /* PBXContainerItemProxy */ = {
			isa = PBXContainerItemProxy;
			containerPortal = 9D77CD481CACBDA300EDBB6A /* Project object */;
			proxyType = 1;
			remoteGlobalIDString = 9D77CD4F1CACBDA300EDBB6A;
			remoteInfo = ALL;
		};
		9D77CD731CACBDA300EDBB6A /* PBXContainerItemProxy */ = {
			isa = PBXContainerItemProxy;
			containerPortal = 9D77CD481CACBDA300EDBB6A /* Project object */;
			proxyType = 1;
			remoteGlobalIDString = 9D77CD4F1CACBDA300EDBB6A;
			remoteInfo = ALL;
		};
/* End PBXContainerItemProxy section */

/* Begin PBXFileReference section */
		0F49EFC4AE770285FEA10819 /* Pods.release.xcconfig */ = {isa = PBXFileReference; includeInIndex = 1; lastKnownFileType = text.xcconfig; name = Pods.release.xcconfig; path = "Pods/Target Support Files/Pods/Pods.release.xcconfig"; sourceTree = "<group>"; };
		14AFAF38D6E479AE681E26FE /* Pods.debug.xcconfig */ = {isa = PBXFileReference; includeInIndex = 1; lastKnownFileType = text.xcconfig; name = Pods.debug.xcconfig; path = "Pods/Target Support Files/Pods/Pods.debug.xcconfig"; sourceTree = "<group>"; };
		9D77CD501CACBDA300EDBB6A /* ALL.app */ = {isa = PBXFileReference; explicitFileType = wrapper.application; includeInIndex = 0; path = ALL.app; sourceTree = BUILT_PRODUCTS_DIR; };
		9D77CD531CACBDA300EDBB6A /* AppDelegate.swift */ = {isa = PBXFileReference; lastKnownFileType = sourcecode.swift; path = AppDelegate.swift; sourceTree = "<group>"; };
		9D77CD551CACBDA300EDBB6A /* ViewController.swift */ = {isa = PBXFileReference; lastKnownFileType = sourcecode.swift; path = ViewController.swift; sourceTree = "<group>"; };
		9D77CD581CACBDA300EDBB6A /* Base */ = {isa = PBXFileReference; lastKnownFileType = file.storyboard; name = Base; path = Base.lproj/Main.storyboard; sourceTree = "<group>"; };
		9D77CD5B1CACBDA300EDBB6A /* ALL.xcdatamodel */ = {isa = PBXFileReference; lastKnownFileType = wrapper.xcdatamodel; path = ALL.xcdatamodel; sourceTree = "<group>"; };
		9D77CD5D1CACBDA300EDBB6A /* Assets.xcassets */ = {isa = PBXFileReference; lastKnownFileType = folder.assetcatalog; path = Assets.xcassets; sourceTree = "<group>"; };
		9D77CD601CACBDA300EDBB6A /* Base */ = {isa = PBXFileReference; lastKnownFileType = file.storyboard; name = Base; path = Base.lproj/LaunchScreen.storyboard; sourceTree = "<group>"; };
		9D77CD621CACBDA300EDBB6A /* Info.plist */ = {isa = PBXFileReference; lastKnownFileType = text.plist.xml; path = Info.plist; sourceTree = "<group>"; };
		9D77CD671CACBDA300EDBB6A /* ALLTests.xctest */ = {isa = PBXFileReference; explicitFileType = wrapper.cfbundle; includeInIndex = 0; path = ALLTests.xctest; sourceTree = BUILT_PRODUCTS_DIR; };
		9D77CD6B1CACBDA300EDBB6A /* ALLTests.swift */ = {isa = PBXFileReference; lastKnownFileType = sourcecode.swift; path = ALLTests.swift; sourceTree = "<group>"; };
		9D77CD6D1CACBDA300EDBB6A /* Info.plist */ = {isa = PBXFileReference; lastKnownFileType = text.plist.xml; path = Info.plist; sourceTree = "<group>"; };
		9D77CD721CACBDA300EDBB6A /* ALLUITests.xctest */ = {isa = PBXFileReference; explicitFileType = wrapper.cfbundle; includeInIndex = 0; path = ALLUITests.xctest; sourceTree = BUILT_PRODUCTS_DIR; };
		9D77CD761CACBDA300EDBB6A /* ALLUITests.swift */ = {isa = PBXFileReference; lastKnownFileType = sourcecode.swift; path = ALLUITests.swift; sourceTree = "<group>"; };
		9D77CD781CACBDA300EDBB6A /* Info.plist */ = {isa = PBXFileReference; lastKnownFileType = text.plist.xml; path = Info.plist; sourceTree = "<group>"; };
		9D77CDC31CAD04B700EDBB6A /* Bridge-Soure.h */ = {isa = PBXFileReference; lastKnownFileType = sourcecode.c.h; path = "Bridge-Soure.h"; sourceTree = "<group>"; };
		9D77CDC41CAD05C500EDBB6A /* libz.1.2.5.tbd */ = {isa = PBXFileReference; lastKnownFileType = "sourcecode.text-based-dylib-definition"; name = libz.1.2.5.tbd; path = usr/lib/libz.1.2.5.tbd; sourceTree = SDKROOT; };
		9D77CDC61CAD05D400EDBB6A /* AssetsLibrary.framework */ = {isa = PBXFileReference; lastKnownFileType = wrapper.framework; name = AssetsLibrary.framework; path = System/Library/Frameworks/AssetsLibrary.framework; sourceTree = SDKROOT; };
		9D77CDC81CAD05DC00EDBB6A /* AudioToolbox.framework */ = {isa = PBXFileReference; lastKnownFileType = wrapper.framework; name = AudioToolbox.framework; path = System/Library/Frameworks/AudioToolbox.framework; sourceTree = SDKROOT; };
		9D77CDCA1CAD05E200EDBB6A /* AVFoundation.framework */ = {isa = PBXFileReference; lastKnownFileType = wrapper.framework; name = AVFoundation.framework; path = System/Library/Frameworks/AVFoundation.framework; sourceTree = SDKROOT; };
		9D77CDCC1CAD05E700EDBB6A /* CFNetwork.framework */ = {isa = PBXFileReference; lastKnownFileType = wrapper.framework; name = CFNetwork.framework; path = System/Library/Frameworks/CFNetwork.framework; sourceTree = SDKROOT; };
		9D77CDCE1CAD05EE00EDBB6A /* CoreAudio.framework */ = {isa = PBXFileReference; lastKnownFileType = wrapper.framework; name = CoreAudio.framework; path = System/Library/Frameworks/CoreAudio.framework; sourceTree = SDKROOT; };
		9D77CDD01CAD05F500EDBB6A /* CoreGraphics.framework */ = {isa = PBXFileReference; lastKnownFileType = wrapper.framework; name = CoreGraphics.framework; path = System/Library/Frameworks/CoreGraphics.framework; sourceTree = SDKROOT; };
		9D77CDD21CAD05FD00EDBB6A /* CoreLocation.framework */ = {isa = PBXFileReference; lastKnownFileType = wrapper.framework; name = CoreLocation.framework; path = System/Library/Frameworks/CoreLocation.framework; sourceTree = SDKROOT; };
		9D77CDD41CAD060500EDBB6A /* CoreMedia.framework */ = {isa = PBXFileReference; lastKnownFileType = wrapper.framework; name = CoreMedia.framework; path = System/Library/Frameworks/CoreMedia.framework; sourceTree = SDKROOT; };
		9D77CDD61CAD061300EDBB6A /* CoreTelephony.framework */ = {isa = PBXFileReference; lastKnownFileType = wrapper.framework; name = CoreTelephony.framework; path = System/Library/Frameworks/CoreTelephony.framework; sourceTree = SDKROOT; };
		9D77CDD81CAD061C00EDBB6A /* CoreVideo.framework */ = {isa = PBXFileReference; lastKnownFileType = wrapper.framework; name = CoreVideo.framework; path = System/Library/Frameworks/CoreVideo.framework; sourceTree = SDKROOT; };
		9D77CDDA1CAD062200EDBB6A /* ImageIO.framework */ = {isa = PBXFileReference; lastKnownFileType = wrapper.framework; name = ImageIO.framework; path = System/Library/Frameworks/ImageIO.framework; sourceTree = SDKROOT; };
		9D77CDDC1CAD062F00EDBB6A /* libc++.1.tbd */ = {isa = PBXFileReference; lastKnownFileType = "sourcecode.text-based-dylib-definition"; name = "libc++.1.tbd"; path = "usr/lib/libc++.1.tbd"; sourceTree = SDKROOT; };
		9D77CDDD1CAD062F00EDBB6A /* libc++abi.tbd */ = {isa = PBXFileReference; lastKnownFileType = "sourcecode.text-based-dylib-definition"; name = "libc++abi.tbd"; path = "usr/lib/libc++abi.tbd"; sourceTree = SDKROOT; };
		9D77CDE01CAD063900EDBB6A /* libsqlite3.0.tbd */ = {isa = PBXFileReference; lastKnownFileType = "sourcecode.text-based-dylib-definition"; name = libsqlite3.0.tbd; path = usr/lib/libsqlite3.0.tbd; sourceTree = SDKROOT; };
		9D77CDE21CAD064200EDBB6A /* libstdc++.6.0.9.tbd */ = {isa = PBXFileReference; lastKnownFileType = "sourcecode.text-based-dylib-definition"; name = "libstdc++.6.0.9.tbd"; path = "usr/lib/libstdc++.6.0.9.tbd"; sourceTree = SDKROOT; };
		9D77CDE41CAD064A00EDBB6A /* libxml2.2.tbd */ = {isa = PBXFileReference; lastKnownFileType = "sourcecode.text-based-dylib-definition"; name = libxml2.2.tbd; path = usr/lib/libxml2.2.tbd; sourceTree = SDKROOT; };
		9D77CDE61CAD065700EDBB6A /* MapKit.framework */ = {isa = PBXFileReference; lastKnownFileType = wrapper.framework; name = MapKit.framework; path = System/Library/Frameworks/MapKit.framework; sourceTree = SDKROOT; };
		9D77CDE81CAD065F00EDBB6A /* OpenAL.framework */ = {isa = PBXFileReference; lastKnownFileType = wrapper.framework; name = OpenAL.framework; path = System/Library/Frameworks/OpenAL.framework; sourceTree = SDKROOT; };
		9D77CDEA1CAD066500EDBB6A /* QuartzCore.framework */ = {isa = PBXFileReference; lastKnownFileType = wrapper.framework; name = QuartzCore.framework; path = System/Library/Frameworks/QuartzCore.framework; sourceTree = SDKROOT; };
		9D77CDEC1CAD066F00EDBB6A /* SystemConfiguration.framework */ = {isa = PBXFileReference; lastKnownFileType = wrapper.framework; name = SystemConfiguration.framework; path = System/Library/Frameworks/SystemConfiguration.framework; sourceTree = SDKROOT; };
		9D77CDEE1CAD067600EDBB6A /* UIKit.framework */ = {isa = PBXFileReference; lastKnownFileType = wrapper.framework; name = UIKit.framework; path = System/Library/Frameworks/UIKit.framework; sourceTree = SDKROOT; };
		9D77CDF01CAD097600EDBB6A /* File.swift */ = {isa = PBXFileReference; fileEncoding = 4; lastKnownFileType = sourcecode.swift; path = File.swift; sourceTree = "<group>"; };
		EC9060A32290ADC9BF79381D /* libPods.a */ = {isa = PBXFileReference; explicitFileType = archive.ar; includeInIndex = 0; path = libPods.a; sourceTree = BUILT_PRODUCTS_DIR; };
/* End PBXFileReference section */

/* Begin PBXFrameworksBuildPhase section */
		9D77CD4D1CACBDA300EDBB6A /* Frameworks */ = {
			isa = PBXFrameworksBuildPhase;
			buildActionMask = 2147483647;
			files = (
				9D77CDEF1CAD067600EDBB6A /* UIKit.framework in Frameworks */,
				9D77CDED1CAD066F00EDBB6A /* SystemConfiguration.framework in Frameworks */,
				9D77CDEB1CAD066500EDBB6A /* QuartzCore.framework in Frameworks */,
				9D77CDE91CAD065F00EDBB6A /* OpenAL.framework in Frameworks */,
				9D77CDE71CAD065700EDBB6A /* MapKit.framework in Frameworks */,
				9D77CDC51CAD05C500EDBB6A /* libz.1.2.5.tbd in Frameworks */,
				9D77CDE51CAD064A00EDBB6A /* libxml2.2.tbd in Frameworks */,
				9D77CDE31CAD064200EDBB6A /* libstdc++.6.0.9.tbd in Frameworks */,
				9D77CDE11CAD063900EDBB6A /* libsqlite3.0.tbd in Frameworks */,
				9D77CDDE1CAD062F00EDBB6A /* libc++.1.tbd in Frameworks */,
				9D77CDDF1CAD062F00EDBB6A /* libc++abi.tbd in Frameworks */,
				9D77CDDB1CAD062200EDBB6A /* ImageIO.framework in Frameworks */,
				9D77CDD91CAD061C00EDBB6A /* CoreVideo.framework in Frameworks */,
				9D77CDD71CAD061300EDBB6A /* CoreTelephony.framework in Frameworks */,
				9D77CDD51CAD060500EDBB6A /* CoreMedia.framework in Frameworks */,
				9D77CDD31CAD05FD00EDBB6A /* CoreLocation.framework in Frameworks */,
				9D77CDD11CAD05F500EDBB6A /* CoreGraphics.framework in Frameworks */,
				9D77CDCF1CAD05EF00EDBB6A /* CoreAudio.framework in Frameworks */,
				9D77CDCD1CAD05E700EDBB6A /* CFNetwork.framework in Frameworks */,
				9D77CDCB1CAD05E200EDBB6A /* AVFoundation.framework in Frameworks */,
				9D77CDC91CAD05DC00EDBB6A /* AudioToolbox.framework in Frameworks */,
				9D77CDC71CAD05D400EDBB6A /* AssetsLibrary.framework in Frameworks */,
				E76D6617CC2084A2AAD34F7D /* libPods.a in Frameworks */,
			);
			runOnlyForDeploymentPostprocessing = 0;
		};
		9D77CD641CACBDA300EDBB6A /* Frameworks */ = {
			isa = PBXFrameworksBuildPhase;
			buildActionMask = 2147483647;
			files = (
			);
			runOnlyForDeploymentPostprocessing = 0;
		};
		9D77CD6F1CACBDA300EDBB6A /* Frameworks */ = {
			isa = PBXFrameworksBuildPhase;
			buildActionMask = 2147483647;
			files = (
			);
			runOnlyForDeploymentPostprocessing = 0;
		};
/* End PBXFrameworksBuildPhase section */

/* Begin PBXGroup section */
		4A24FA59E3C19DEF62A972F4 /* Pods */ = {
			isa = PBXGroup;
			children = (
				14AFAF38D6E479AE681E26FE /* Pods.debug.xcconfig */,
				0F49EFC4AE770285FEA10819 /* Pods.release.xcconfig */,
			);
			name = Pods;
			sourceTree = "<group>";
		};
		9D77CD471CACBDA300EDBB6A = {
			isa = PBXGroup;
			children = (
				9D77CD521CACBDA300EDBB6A /* ALL */,
				9D77CD6A1CACBDA300EDBB6A /* ALLTests */,
				9D77CD751CACBDA300EDBB6A /* ALLUITests */,
				9D77CD511CACBDA300EDBB6A /* Products */,
				4A24FA59E3C19DEF62A972F4 /* Pods */,
				FDBC33160F3351DF0D3D5A8E /* Frameworks */,
			);
			sourceTree = "<group>";
		};
		9D77CD511CACBDA300EDBB6A /* Products */ = {
			isa = PBXGroup;
			children = (
				9D77CD501CACBDA300EDBB6A /* ALL.app */,
				9D77CD671CACBDA300EDBB6A /* ALLTests.xctest */,
				9D77CD721CACBDA300EDBB6A /* ALLUITests.xctest */,
			);
			name = Products;
			sourceTree = "<group>";
		};
		9D77CD521CACBDA300EDBB6A /* ALL */ = {
			isa = PBXGroup;
			children = (
				9D77CD531CACBDA300EDBB6A /* AppDelegate.swift */,
				9D77CD551CACBDA300EDBB6A /* ViewController.swift */,
				9D77CDF01CAD097600EDBB6A /* File.swift */,
				9D77CD571CACBDA300EDBB6A /* Main.storyboard */,
				9D77CD5D1CACBDA300EDBB6A /* Assets.xcassets */,
				9D77CD5F1CACBDA300EDBB6A /* LaunchScreen.storyboard */,
				9D77CD621CACBDA300EDBB6A /* Info.plist */,
				9D77CD5A1CACBDA300EDBB6A /* ALL.xcdatamodeld */,
				9D77CDC31CAD04B700EDBB6A /* Bridge-Soure.h */,
			);
			path = ALL;
			sourceTree = "<group>";
		};
		9D77CD6A1CACBDA300EDBB6A /* ALLTests */ = {
			isa = PBXGroup;
			children = (
				9D77CD6B1CACBDA300EDBB6A /* ALLTests.swift */,
				9D77CD6D1CACBDA300EDBB6A /* Info.plist */,
			);
			path = ALLTests;
			sourceTree = "<group>";
		};
		9D77CD751CACBDA300EDBB6A /* ALLUITests */ = {
			isa = PBXGroup;
			children = (
				9D77CD761CACBDA300EDBB6A /* ALLUITests.swift */,
				9D77CD781CACBDA300EDBB6A /* Info.plist */,
			);
			path = ALLUITests;
			sourceTree = "<group>";
		};
		FDBC33160F3351DF0D3D5A8E /* Frameworks */ = {
			isa = PBXGroup;
			children = (
				9D77CDEE1CAD067600EDBB6A /* UIKit.framework */,
				9D77CDEC1CAD066F00EDBB6A /* SystemConfiguration.framework */,
				9D77CDEA1CAD066500EDBB6A /* QuartzCore.framework */,
				9D77CDE81CAD065F00EDBB6A /* OpenAL.framework */,
				9D77CDE61CAD065700EDBB6A /* MapKit.framework */,
				9D77CDE41CAD064A00EDBB6A /* libxml2.2.tbd */,
				9D77CDE21CAD064200EDBB6A /* libstdc++.6.0.9.tbd */,
				9D77CDE01CAD063900EDBB6A /* libsqlite3.0.tbd */,
				9D77CDDC1CAD062F00EDBB6A /* libc++.1.tbd */,
				9D77CDDD1CAD062F00EDBB6A /* libc++abi.tbd */,
				9D77CDDA1CAD062200EDBB6A /* ImageIO.framework */,
				9D77CDD81CAD061C00EDBB6A /* CoreVideo.framework */,
				9D77CDD61CAD061300EDBB6A /* CoreTelephony.framework */,
				9D77CDD41CAD060500EDBB6A /* CoreMedia.framework */,
				9D77CDD21CAD05FD00EDBB6A /* CoreLocation.framework */,
				9D77CDD01CAD05F500EDBB6A /* CoreGraphics.framework */,
				9D77CDCE1CAD05EE00EDBB6A /* CoreAudio.framework */,
				9D77CDCC1CAD05E700EDBB6A /* CFNetwork.framework */,
				9D77CDCA1CAD05E200EDBB6A /* AVFoundation.framework */,
				9D77CDC81CAD05DC00EDBB6A /* AudioToolbox.framework */,
				9D77CDC61CAD05D400EDBB6A /* AssetsLibrary.framework */,
				9D77CDC41CAD05C500EDBB6A /* libz.1.2.5.tbd */,
				EC9060A32290ADC9BF79381D /* libPods.a */,
			);
			name = Frameworks;
			sourceTree = "<group>";
		};
/* End PBXGroup section */

/* Begin PBXNativeTarget section */
		9D77CD4F1CACBDA300EDBB6A /* ALL */ = {
			isa = PBXNativeTarget;
			buildConfigurationList = 9D77CD7B1CACBDA300EDBB6A /* Build configuration list for PBXNativeTarget "ALL" */;
			buildPhases = (
				EFB11767D3D6F8810851059A /* Check Pods Manifest.lock */,
				9D77CD4C1CACBDA300EDBB6A /* Sources */,
				9D77CD4D1CACBDA300EDBB6A /* Frameworks */,
				9D77CD4E1CACBDA300EDBB6A /* Resources */,
				C5990A1E7F0F3739E2B25609 /* Embed Pods Frameworks */,
				E13A9AC48524CE4ABB701A1B /* Copy Pods Resources */,
			);
			buildRules = (
			);
			dependencies = (
			);
			name = ALL;
			productName = ALL;
			productReference = 9D77CD501CACBDA300EDBB6A /* ALL.app */;
			productType = "com.apple.product-type.application";
		};
		9D77CD661CACBDA300EDBB6A /* ALLTests */ = {
			isa = PBXNativeTarget;
			buildConfigurationList = 9D77CD7E1CACBDA300EDBB6A /* Build configuration list for PBXNativeTarget "ALLTests" */;
			buildPhases = (
				9D77CD631CACBDA300EDBB6A /* Sources */,
				9D77CD641CACBDA300EDBB6A /* Frameworks */,
				9D77CD651CACBDA300EDBB6A /* Resources */,
			);
			buildRules = (
			);
			dependencies = (
				9D77CD691CACBDA300EDBB6A /* PBXTargetDependency */,
			);
			name = ALLTests;
			productName = ALLTests;
			productReference = 9D77CD671CACBDA300EDBB6A /* ALLTests.xctest */;
			productType = "com.apple.product-type.bundle.unit-test";
		};
		9D77CD711CACBDA300EDBB6A /* ALLUITests */ = {
			isa = PBXNativeTarget;
			buildConfigurationList = 9D77CD811CACBDA300EDBB6A /* Build configuration list for PBXNativeTarget "ALLUITests" */;
			buildPhases = (
				9D77CD6E1CACBDA300EDBB6A /* Sources */,
				9D77CD6F1CACBDA300EDBB6A /* Frameworks */,
				9D77CD701CACBDA300EDBB6A /* Resources */,
			);
			buildRules = (
			);
			dependencies = (
				9D77CD741CACBDA300EDBB6A /* PBXTargetDependency */,
			);
			name = ALLUITests;
			productName = ALLUITests;
			productReference = 9D77CD721CACBDA300EDBB6A /* ALLUITests.xctest */;
			productType = "com.apple.product-type.bundle.ui-testing";
		};
/* End PBXNativeTarget section */

/* Begin PBXProject section */
		9D77CD481CACBDA300EDBB6A /* Project object */ = {
			isa = PBXProject;
			attributes = {
				LastSwiftUpdateCheck = 0720;
				LastUpgradeCheck = 0720;
				ORGANIZATIONNAME = 123;
				TargetAttributes = {
					9D77CD4F1CACBDA300EDBB6A = {
						CreatedOnToolsVersion = 7.2;
					};
					9D77CD661CACBDA300EDBB6A = {
						CreatedOnToolsVersion = 7.2;
						TestTargetID = 9D77CD4F1CACBDA300EDBB6A;
					};
					9D77CD711CACBDA300EDBB6A = {
						CreatedOnToolsVersion = 7.2;
						TestTargetID = 9D77CD4F1CACBDA300EDBB6A;
					};
				};
			};
			buildConfigurationList = 9D77CD4B1CACBDA300EDBB6A /* Build configuration list for PBXProject "ALL" */;
			compatibilityVersion = "Xcode 3.2";
			developmentRegion = English;
			hasScannedForEncodings = 0;
			knownRegions = (
				en,
				Base,
			);
			mainGroup = 9D77CD471CACBDA300EDBB6A;
			productRefGroup = 9D77CD511CACBDA300EDBB6A /* Products */;
			projectDirPath = "";
			projectRoot = "";
			targets = (
				9D77CD4F1CACBDA300EDBB6A /* ALL */,
				9D77CD661CACBDA300EDBB6A /* ALLTests */,
				9D77CD711CACBDA300EDBB6A /* ALLUITests */,
			);
		};
/* End PBXProject section */

/* Begin PBXResourcesBuildPhase section */
		9D77CD4E1CACBDA300EDBB6A /* Resources */ = {
			isa = PBXResourcesBuildPhase;
			buildActionMask = 2147483647;
			files = (
				9D77CD611CACBDA300EDBB6A /* LaunchScreen.storyboard in Resources */,
				9D77CD5E1CACBDA300EDBB6A /* Assets.xcassets in Resources */,
				9D77CD591CACBDA300EDBB6A /* Main.storyboard in Resources */,
			);
			runOnlyForDeploymentPostprocessing = 0;
		};
		9D77CD651CACBDA300EDBB6A /* Resources */ = {
			isa = PBXResourcesBuildPhase;
			buildActionMask = 2147483647;
			files = (
			);
			runOnlyForDeploymentPostprocessing = 0;
		};
		9D77CD701CACBDA300EDBB6A /* Resources */ = {
			isa = PBXResourcesBuildPhase;
			buildActionMask = 2147483647;
			files = (
			);
			runOnlyForDeploymentPostprocessing = 0;
		};
/* End PBXResourcesBuildPhase section */

/* Begin PBXShellScriptBuildPhase section */
		C5990A1E7F0F3739E2B25609 /* Embed Pods Frameworks */ = {
			isa = PBXShellScriptBuildPhase;
			buildActionMask = 2147483647;
			files = (
			);
			inputPaths = (
			);
			name = "Embed Pods Frameworks";
			outputPaths = (
			);
			runOnlyForDeploymentPostprocessing = 0;
			shellPath = /bin/sh;
			shellScript = "\"${SRCROOT}/Pods/Target Support Files/Pods/Pods-frameworks.sh\"\n";
			showEnvVarsInLog = 0;
		};
		E13A9AC48524CE4ABB701A1B /* Copy Pods Resources */ = {
			isa = PBXShellScriptBuildPhase;
			buildActionMask = 2147483647;
			files = (
			);
			inputPaths = (
			);
			name = "Copy Pods Resources";
			outputPaths = (
			);
			runOnlyForDeploymentPostprocessing = 0;
			shellPath = /bin/sh;
			shellScript = "\"${SRCROOT}/Pods/Target Support Files/Pods/Pods-resources.sh\"\n";
			showEnvVarsInLog = 0;
		};
		EFB11767D3D6F8810851059A /* Check Pods Manifest.lock */ = {
			isa = PBXShellScriptBuildPhase;
			buildActionMask = 2147483647;
			files = (
			);
			inputPaths = (
			);
			name = "Check Pods Manifest.lock";
			outputPaths = (
			);
			runOnlyForDeploymentPostprocessing = 0;
			shellPath = /bin/sh;
			shellScript = "diff \"${PODS_ROOT}/../Podfile.lock\" \"${PODS_ROOT}/Manifest.lock\" > /dev/null\nif [[ $? != 0 ]] ; then\n    cat << EOM\nerror: The sandbox is not in sync with the Podfile.lock. Run 'pod install' or update your CocoaPods installation.\nEOM\n    exit 1\nfi\n";
			showEnvVarsInLog = 0;
		};
/* End PBXShellScriptBuildPhase section */

/* Begin PBXSourcesBuildPhase section */
		9D77CD4C1CACBDA300EDBB6A /* Sources */ = {
			isa = PBXSourcesBuildPhase;
			buildActionMask = 2147483647;
			files = (
				9D77CD561CACBDA300EDBB6A /* ViewController.swift in Sources */,
				9D77CDF11CAD097600EDBB6A /* File.swift in Sources */,
				9D77CD541CACBDA300EDBB6A /* AppDelegate.swift in Sources */,
				9D77CD5C1CACBDA300EDBB6A /* ALL.xcdatamodeld in Sources */,
			);
			runOnlyForDeploymentPostprocessing = 0;
		};
		9D77CD631CACBDA300EDBB6A /* Sources */ = {
			isa = PBXSourcesBuildPhase;
			buildActionMask = 2147483647;
			files = (
				9D77CD6C1CACBDA300EDBB6A /* ALLTests.swift in Sources */,
			);
			runOnlyForDeploymentPostprocessing = 0;
		};
		9D77CD6E1CACBDA300EDBB6A /* Sources */ = {
			isa = PBXSourcesBuildPhase;
			buildActionMask = 2147483647;
			files = (
				9D77CD771CACBDA300EDBB6A /* ALLUITests.swift in Sources */,
			);
			runOnlyForDeploymentPostprocessing = 0;
		};
/* End PBXSourcesBuildPhase section */

/* Begin PBXTargetDependency section */
		9D77CD691CACBDA300EDBB6A /* PBXTargetDependency */ = {
			isa = PBXTargetDependency;
			target = 9D77CD4F1CACBDA300EDBB6A /* ALL */;
			targetProxy = 9D77CD681CACBDA300EDBB6A /* PBXContainerItemProxy */;
		};
		9D77CD741CACBDA300EDBB6A /* PBXTargetDependency */ = {
			isa = PBXTargetDependency;
			target = 9D77CD4F1CACBDA300EDBB6A /* ALL */;
			targetProxy = 9D77CD731CACBDA300EDBB6A /* PBXContainerItemProxy */;
		};
/* End PBXTargetDependency section */

/* Begin PBXVariantGroup section */
		9D77CD571CACBDA300EDBB6A /* Main.storyboard */ = {
			isa = PBXVariantGroup;
			children = (
				9D77CD581CACBDA300EDBB6A /* Base */,
			);
			name = Main.storyboard;
			sourceTree = "<group>";
		};
		9D77CD5F1CACBDA300EDBB6A /* LaunchScreen.storyboard */ = {
			isa = PBXVariantGroup;
			children = (
				9D77CD601CACBDA300EDBB6A /* Base */,
			);
			name = LaunchScreen.storyboard;
			sourceTree = "<group>";
		};
/* End PBXVariantGroup section */

/* Begin XCBuildConfiguration section */
		9D77CD791CACBDA300EDBB6A /* Debug */ = {
			isa = XCBuildConfiguration;
			buildSettings = {
				ALWAYS_SEARCH_USER_PATHS = NO;
				CLANG_CXX_LANGUAGE_STANDARD = "gnu++0x";
				CLANG_CXX_LIBRARY = "libc++";
				CLANG_ENABLE_MODULES = YES;
				CLANG_ENABLE_OBJC_ARC = YES;
				CLANG_WARN_BOOL_CONVERSION = YES;
				CLANG_WARN_CONSTANT_CONVERSION = YES;
				CLANG_WARN_DIRECT_OBJC_ISA_USAGE = YES_ERROR;
				CLANG_WARN_EMPTY_BODY = YES;
				CLANG_WARN_ENUM_CONVERSION = YES;
				CLANG_WARN_INT_CONVERSION = YES;
				CLANG_WARN_OBJC_ROOT_CLASS = YES_ERROR;
				CLANG_WARN_UNREACHABLE_CODE = YES;
				CLANG_WARN__DUPLICATE_METHOD_MATCH = YES;
				"CODE_SIGN_IDENTITY[sdk=iphoneos*]" = "iPhone Developer";
				COPY_PHASE_STRIP = NO;
				DEBUG_INFORMATION_FORMAT = dwarf;
				ENABLE_STRICT_OBJC_MSGSEND = YES;
				ENABLE_TESTABILITY = YES;
				GCC_C_LANGUAGE_STANDARD = gnu99;
				GCC_DYNAMIC_NO_PIC = NO;
				GCC_NO_COMMON_BLOCKS = YES;
				GCC_OPTIMIZATION_LEVEL = 0;
				GCC_PREPROCESSOR_DEFINITIONS = (
					"DEBUG=1",
					"$(inherited)",
				);
				GCC_WARN_64_TO_32_BIT_CONVERSION = YES;
				GCC_WARN_ABOUT_RETURN_TYPE = YES_ERROR;
				GCC_WARN_UNDECLARED_SELECTOR = YES;
				GCC_WARN_UNINITIALIZED_AUTOS = YES_AGGRESSIVE;
				GCC_WARN_UNUSED_FUNCTION = YES;
				GCC_WARN_UNUSED_VARIABLE = YES;
				IPHONEOS_DEPLOYMENT_TARGET = 9.2;
				MTL_ENABLE_DEBUG_INFO = YES;
				ONLY_ACTIVE_ARCH = YES;
				SDKROOT = iphoneos;
				SWIFT_OPTIMIZATION_LEVEL = "-Onone";
			};
			name = Debug;
		};
		9D77CD7A1CACBDA300EDBB6A /* Release */ = {
			isa = XCBuildConfiguration;
			buildSettings = {
				ALWAYS_SEARCH_USER_PATHS = NO;
				CLANG_CXX_LANGUAGE_STANDARD = "gnu++0x";
				CLANG_CXX_LIBRARY = "libc++";
				CLANG_ENABLE_MODULES = YES;
				CLANG_ENABLE_OBJC_ARC = YES;
				CLANG_WARN_BOOL_CONVERSION = YES;
				CLANG_WARN_CONSTANT_CONVERSION = YES;
				CLANG_WARN_DIRECT_OBJC_ISA_USAGE = YES_ERROR;
				CLANG_WARN_EMPTY_BODY = YES;
				CLANG_WARN_ENUM_CONVERSION = YES;
				CLANG_WARN_INT_CONVERSION = YES;
				CLANG_WARN_OBJC_ROOT_CLASS = YES_ERROR;
				CLANG_WARN_UNREACHABLE_CODE = YES;
				CLANG_WARN__DUPLICATE_METHOD_MATCH = YES;
				"CODE_SIGN_IDENTITY[sdk=iphoneos*]" = "iPhone Developer";
				COPY_PHASE_STRIP = NO;
				DEBUG_INFORMATION_FORMAT = "dwarf-with-dsym";
				ENABLE_NS_ASSERTIONS = NO;
				ENABLE_STRICT_OBJC_MSGSEND = YES;
				GCC_C_LANGUAGE_STANDARD = gnu99;
				GCC_NO_COMMON_BLOCKS = YES;
				GCC_WARN_64_TO_32_BIT_CONVERSION = YES;
				GCC_WARN_ABOUT_RETURN_TYPE = YES_ERROR;
				GCC_WARN_UNDECLARED_SELECTOR = YES;
				GCC_WARN_UNINITIALIZED_AUTOS = YES_AGGRESSIVE;
				GCC_WARN_UNUSED_FUNCTION = YES;
				GCC_WARN_UNUSED_VARIABLE = YES;
				IPHONEOS_DEPLOYMENT_TARGET = 9.2;
				MTL_ENABLE_DEBUG_INFO = NO;
				SDKROOT = iphoneos;
				VALIDATE_PRODUCT = YES;
			};
			name = Release;
		};
		9D77CD7C1CACBDA300EDBB6A /* Debug */ = {
			isa = XCBuildConfiguration;
			baseConfigurationReference = 14AFAF38D6E479AE681E26FE /* Pods.debug.xcconfig */;
			buildSettings = {
				ASSETCATALOG_COMPILER_APPICON_NAME = AppIcon;
				INFOPLIST_FILE = ALL/Info.plist;
				LD_RUNPATH_SEARCH_PATHS = "$(inherited) @executable_path/Frameworks";
				PRODUCT_BUNDLE_IDENTIFIER = com.yxy.ALL;
				PRODUCT_NAME = "$(TARGET_NAME)";
				SWIFT_OBJC_BRIDGING_HEADER = "/Users/a123/Desktop/ALL/ALL/Bridge-Soure.h";
			};
			name = Debug;
		};
		9D77CD7D1CACBDA300EDBB6A /* Release */ = {
			isa = XCBuildConfiguration;
			baseConfigurationReference = 0F49EFC4AE770285FEA10819 /* Pods.release.xcconfig */;
			buildSettings = {
				ASSETCATALOG_COMPILER_APPICON_NAME = AppIcon;
				INFOPLIST_FILE = ALL/Info.plist;
				LD_RUNPATH_SEARCH_PATHS = "$(inherited) @executable_path/Frameworks";
				PRODUCT_BUNDLE_IDENTIFIER = com.yxy.ALL;
				PRODUCT_NAME = "$(TARGET_NAME)";
				SWIFT_OBJC_BRIDGING_HEADER = "/Users/a123/Desktop/ALL/ALL/Bridge-Soure.h";
			};
			name = Release;
		};
		9D77CD7F1CACBDA300EDBB6A /* Debug */ = {
			isa = XCBuildConfiguration;
			buildSettings = {
				BUNDLE_LOADER = "$(TEST_HOST)";
				INFOPLIST_FILE = ALLTests/Info.plist;
				LD_RUNPATH_SEARCH_PATHS = "$(inherited) @executable_path/Frameworks @loader_path/Frameworks";
				PRODUCT_BUNDLE_IDENTIFIER = com.yxy.ALLTests;
				PRODUCT_NAME = "$(TARGET_NAME)";
				TEST_HOST = "$(BUILT_PRODUCTS_DIR)/ALL.app/ALL";
			};
			name = Debug;
		};
		9D77CD801CACBDA300EDBB6A /* Release */ = {
			isa = XCBuildConfiguration;
			buildSettings = {
				BUNDLE_LOADER = "$(TEST_HOST)";
				INFOPLIST_FILE = ALLTests/Info.plist;
				LD_RUNPATH_SEARCH_PATHS = "$(inherited) @executable_path/Frameworks @loader_path/Frameworks";
				PRODUCT_BUNDLE_IDENTIFIER = com.yxy.ALLTests;
				PRODUCT_NAME = "$(TARGET_NAME)";
				TEST_HOST = "$(BUILT_PRODUCTS_DIR)/ALL.app/ALL";
			};
			name = Release;
		};
		9D77CD821CACBDA300EDBB6A /* Debug */ = {
			isa = XCBuildConfiguration;
			buildSettings = {
				INFOPLIST_FILE = ALLUITests/Info.plist;
				LD_RUNPATH_SEARCH_PATHS = "$(inherited) @executable_path/Frameworks @loader_path/Frameworks";
				PRODUCT_BUNDLE_IDENTIFIER = com.yxy.ALLUITests;
				PRODUCT_NAME = "$(TARGET_NAME)";
				TEST_TARGET_NAME = ALL;
				USES_XCTRUNNER = YES;
			};
			name = Debug;
		};
		9D77CD831CACBDA300EDBB6A /* Release */ = {
			isa = XCBuildConfiguration;
			buildSettings = {
				INFOPLIST_FILE = ALLUITests/Info.plist;
				LD_RUNPATH_SEARCH_PATHS = "$(inherited) @executable_path/Frameworks @loader_path/Frameworks";
				PRODUCT_BUNDLE_IDENTIFIER = com.yxy.ALLUITests;
				PRODUCT_NAME = "$(TARGET_NAME)";
				TEST_TARGET_NAME = ALL;
				USES_XCTRUNNER = YES;
			};
			name = Release;
		};
/* End XCBuildConfiguration section */

/* Begin XCConfigurationList section */
		9D77CD4B1CACBDA300EDBB6A /* Build configuration list for PBXProject "ALL" */ = {
			isa = XCConfigurationList;
			buildConfigurations = (
				9D77CD791CACBDA300EDBB6A /* Debug */,
				9D77CD7A1CACBDA300EDBB6A /* Release */,
			);
			defaultConfigurationIsVisible = 0;
			defaultConfigurationName = Release;
		};
		9D77CD7B1CACBDA300EDBB6A /* Build configuration list for PBXNativeTarget "ALL" */ = {
			isa = XCConfigurationList;
			buildConfigurations = (
				9D77CD7C1CACBDA300EDBB6A /* Debug */,
				9D77CD7D1CACBDA300EDBB6A /* Release */,
			);
			defaultConfigurationIsVisible = 0;
			defaultConfigurationName = Release;
		};
		9D77CD7E1CACBDA300EDBB6A /* Build configuration list for PBXNativeTarget "ALLTests" */ = {
			isa = XCConfigurationList;
			buildConfigurations = (
				9D77CD7F1CACBDA300EDBB6A /* Debug */,
				9D77CD801CACBDA300EDBB6A /* Release */,
			);
			defaultConfigurationIsVisible = 0;
			defaultConfigurationName = Release;
		};
		9D77CD811CACBDA300EDBB6A /* Build configuration list for PBXNativeTarget "ALLUITests" */ = {
			isa = XCConfigurationList;
			buildConfigurations = (
				9D77CD821CACBDA300EDBB6A /* Debug */,
				9D77CD831CACBDA300EDBB6A /* Release */,
			);
			defaultConfigurationIsVisible = 0;
			defaultConfigurationName = Release;
		};
/* End XCConfigurationList section */

/* Begin XCVersionGroup section */
		9D77CD5A1CACBDA300EDBB6A /* ALL.xcdatamodeld */ = {
			isa = XCVersionGroup;
			children = (
				9D77CD5B1CACBDA300EDBB6A /* ALL.xcdatamodel */,
			);
			currentVersion = 9D77CD5B1CACBDA300EDBB6A /* ALL.xcdatamodel */;
			path = ALL.xcdatamodeld;
			sourceTree = "<group>";
			versionGroupType = wrapper.xcdatamodel;
		};
/* End XCVersionGroup section */
	};
	rootObject = 9D77CD481CACBDA300EDBB6A /* Project object */;
}
